// !$*UTF8*$!
{
	archiveVersion = 1;
	classes = {
	};
	objectVersion = 56;
	objects = {

/* Begin PBXBuildFile section */
		76195D3A2C6ADD0700687F2D /* AppDelegate.swift in Sources */ = {isa = PBXBuildFile; fileRef = 76195D392C6ADD0700687F2D /* AppDelegate.swift */; };
		76195D3C2C6ADD0700687F2D /* SceneDelegate.swift in Sources */ = {isa = PBXBuildFile; fileRef = 76195D3B2C6ADD0700687F2D /* SceneDelegate.swift */; };
		76195D3E2C6ADD0700687F2D /* ViewController.swift in Sources */ = {isa = PBXBuildFile; fileRef = 76195D3D2C6ADD0700687F2D /* ViewController.swift */; };
		76195D432C6ADD0E00687F2D /* Assets.xcassets in Resources */ = {isa = PBXBuildFile; fileRef = 76195D422C6ADD0E00687F2D /* Assets.xcassets */; };
		76195D462C6ADD0E00687F2D /* LaunchScreen.storyboard in Resources */ = {isa = PBXBuildFile; fileRef = 76195D442C6ADD0E00687F2D /* LaunchScreen.storyboard */; };
		76195D672C6AE56C00687F2D /* img08.jpg in Resources */ = {isa = PBXBuildFile; fileRef = 76195D5F2C6AE56C00687F2D /* img08.jpg */; };
		76195D682C6AE56C00687F2D /* img03.jpg in Resources */ = {isa = PBXBuildFile; fileRef = 76195D602C6AE56C00687F2D /* img03.jpg */; };
		76195D692C6AE56C00687F2D /* img02.jpg in Resources */ = {isa = PBXBuildFile; fileRef = 76195D612C6AE56C00687F2D /* img02.jpg */; };
		76195D6A2C6AE56C00687F2D /* img01.jpg in Resources */ = {isa = PBXBuildFile; fileRef = 76195D622C6AE56C00687F2D /* img01.jpg */; };
		76195D6B2C6AE56C00687F2D /* img05.jpg in Resources */ = {isa = PBXBuildFile; fileRef = 76195D632C6AE56C00687F2D /* img05.jpg */; };
		76195D6C2C6AE56C00687F2D /* img04.jpg in Resources */ = {isa = PBXBuildFile; fileRef = 76195D642C6AE56C00687F2D /* img04.jpg */; };
		76195D6D2C6AE56C00687F2D /* img06.jpg in Resources */ = {isa = PBXBuildFile; fileRef = 76195D652C6AE56C00687F2D /* img06.jpg */; };
		76195D6E2C6AE56C00687F2D /* img07.jpg in Resources */ = {isa = PBXBuildFile; fileRef = 76195D662C6AE56C00687F2D /* img07.jpg */; };
		76195D702C6C006E00687F2D /* DetailViewController.swift in Sources */ = {isa = PBXBuildFile; fileRef = 76195D6F2C6C006E00687F2D /* DetailViewController.swift */; };
/* End PBXBuildFile section */

/* Begin PBXFileReference section */
		76195D362C6ADD0700687F2D /* StormViewer.app */ = {isa = PBXFileReference; explicitFileType = wrapper.application; includeInIndex = 0; path = StormViewer.app; sourceTree = BUILT_PRODUCTS_DIR; };
		76195D392C6ADD0700687F2D /* AppDelegate.swift */ = {isa = PBXFileReference; lastKnownFileType = sourcecode.swift; path = AppDelegate.swift; sourceTree = "<group>"; };
		76195D3B2C6ADD0700687F2D /* SceneDelegate.swift */ = {isa = PBXFileReference; lastKnownFileType = sourcecode.swift; path = SceneDelegate.swift; sourceTree = "<group>"; };
		76195D3D2C6ADD0700687F2D /* ViewController.swift */ = {isa = PBXFileReference; lastKnownFileType = sourcecode.swift; path = ViewController.swift; sourceTree = "<group>"; };
		76195D422C6ADD0E00687F2D /* Assets.xcassets */ = {isa = PBXFileReference; lastKnownFileType = folder.assetcatalog; path = Assets.xcassets; sourceTree = "<group>"; };
		76195D452C6ADD0E00687F2D /* Base */ = {isa = PBXFileReference; lastKnownFileType = file.storyboard; name = Base; path = Base.lproj/LaunchScreen.storyboard; sourceTree = "<group>"; };
		76195D472C6ADD0E00687F2D /* Info.plist */ = {isa = PBXFileReference; lastKnownFileType = text.plist.xml; path = Info.plist; sourceTree = "<group>"; };
		76195D5F2C6AE56C00687F2D /* img08.jpg */ = {isa = PBXFileReference; lastKnownFileType = image.jpeg; path = img08.jpg; sourceTree = "<group>"; };
		76195D602C6AE56C00687F2D /* img03.jpg */ = {isa = PBXFileReference; lastKnownFileType = image.jpeg; path = img03.jpg; sourceTree = "<group>"; };
		76195D612C6AE56C00687F2D /* img02.jpg */ = {isa = PBXFileReference; lastKnownFileType = image.jpeg; path = img02.jpg; sourceTree = "<group>"; };
		76195D622C6AE56C00687F2D /* img01.jpg */ = {isa = PBXFileReference; lastKnownFileType = image.jpeg; path = img01.jpg; sourceTree = "<group>"; };
		76195D632C6AE56C00687F2D /* img05.jpg */ = {isa = PBXFileReference; lastKnownFileType = image.jpeg; path = img05.jpg; sourceTree = "<group>"; };
		76195D642C6AE56C00687F2D /* img04.jpg */ = {isa = PBXFileReference; lastKnownFileType = image.jpeg; path = img04.jpg; sourceTree = "<group>"; };
		76195D652C6AE56C00687F2D /* img06.jpg */ = {isa = PBXFileReference; lastKnownFileType = image.jpeg; path = img06.jpg; sourceTree = "<group>"; };
		76195D662C6AE56C00687F2D /* img07.jpg */ = {isa = PBXFileReference; lastKnownFileType = image.jpeg; path = img07.jpg; sourceTree = "<group>"; };
		76195D6F2C6C006E00687F2D /* DetailViewController.swift */ = {isa = PBXFileReference; lastKnownFileType = sourcecode.swift; path = DetailViewController.swift; sourceTree = "<group>"; };
/* End PBXFileReference section */

/* Begin PBXFrameworksBuildPhase section */
		76195D332C6ADD0700687F2D /* Frameworks */ = {
			isa = PBXFrameworksBuildPhase;
			buildActionMask = 2147483647;
			files = (
			);
			runOnlyForDeploymentPostprocessing = 0;
		};
/* End PBXFrameworksBuildPhase section */

/* Begin PBXGroup section */
		76195D2D2C6ADD0700687F2D = {
			isa = PBXGroup;
			children = (
				76195D382C6ADD0700687F2D /* StormViewer */,
				76195D372C6ADD0700687F2D /* Products */,
			);
			sourceTree = "<group>";
		};
		76195D372C6ADD0700687F2D /* Products */ = {
			isa = PBXGroup;
			children = (
				76195D362C6ADD0700687F2D /* StormViewer.app */,
			);
			name = Products;
			sourceTree = "<group>";
		};
		76195D382C6ADD0700687F2D /* StormViewer */ = {
			isa = PBXGroup;
			children = (
				76195D392C6ADD0700687F2D /* AppDelegate.swift */,
				76195D3B2C6ADD0700687F2D /* SceneDelegate.swift */,
				76195D3D2C6ADD0700687F2D /* ViewController.swift */,
				76195D6F2C6C006E00687F2D /* DetailViewController.swift */,
				76195D422C6ADD0E00687F2D /* Assets.xcassets */,
				76195D442C6ADD0E00687F2D /* LaunchScreen.storyboard */,
				76195D5E2C6AE56C00687F2D /* Content */,
				76195D472C6ADD0E00687F2D /* Info.plist */,
			);
			path = StormViewer;
			sourceTree = "<group>";
		};
		76195D5E2C6AE56C00687F2D /* Content */ = {
			isa = PBXGroup;
			children = (
				76195D5F2C6AE56C00687F2D /* img08.jpg */,
				76195D602C6AE56C00687F2D /* img03.jpg */,
				76195D612C6AE56C00687F2D /* img02.jpg */,
				76195D622C6AE56C00687F2D /* img01.jpg */,
				76195D632C6AE56C00687F2D /* img05.jpg */,
				76195D642C6AE56C00687F2D /* img04.jpg */,
				76195D652C6AE56C00687F2D /* img06.jpg */,
				76195D662C6AE56C00687F2D /* img07.jpg */,
			);
			name = Content;
			path = ../../../../Downloads/Content;
			sourceTree = "<group>";
		};
/* End PBXGroup section */

/* Begin PBXNativeTarget section */
		76195D352C6ADD0700687F2D /* StormViewer */ = {
			isa = PBXNativeTarget;
			buildConfigurationList = 76195D4A2C6ADD0E00687F2D /* Build configuration list for PBXNativeTarget "StormViewer" */;
			buildPhases = (
				76195D322C6ADD0700687F2D /* Sources */,
				76195D332C6ADD0700687F2D /* Frameworks */,
				76195D342C6ADD0700687F2D /* Resources */,
			);
			buildRules = (
			);
			dependencies = (
			);
			name = StormViewer;
			productName = StormViewer;
			productReference = 76195D362C6ADD0700687F2D /* StormViewer.app */;
			productType = "com.apple.product-type.application";
		};
/* End PBXNativeTarget section */

/* Begin PBXProject section */
		76195D2E2C6ADD0700687F2D /* Project object */ = {
			isa = PBXProject;
			attributes = {
				BuildIndependentTargetsInParallel = 1;
				LastSwiftUpdateCheck = 1520;
				LastUpgradeCheck = 1520;
				TargetAttributes = {
					76195D352C6ADD0700687F2D = {
						CreatedOnToolsVersion = 15.2;
					};
				};
			};
			buildConfigurationList = 76195D312C6ADD0700687F2D /* Build configuration list for PBXProject "StormViewer" */;
			compatibilityVersion = "Xcode 14.0";
			developmentRegion = en;
			hasScannedForEncodings = 0;
			knownRegions = (
				en,
				Base,
			);
			mainGroup = 76195D2D2C6ADD0700687F2D;
			productRefGroup = 76195D372C6ADD0700687F2D /* Products */;
			projectDirPath = "";
			projectRoot = "";
			targets = (
				76195D352C6ADD0700687F2D /* StormViewer */,
			);
		};
/* End PBXProject section */

/* Begin PBXResourcesBuildPhase section */
		76195D342C6ADD0700687F2D /* Resources */ = {
			isa = PBXResourcesBuildPhase;
			buildActionMask = 2147483647;
			files = (
				76195D682C6AE56C00687F2D /* img03.jpg in Resources */,
				76195D6C2C6AE56C00687F2D /* img04.jpg in Resources */,
				76195D692C6AE56C00687F2D /* img02.jpg in Resources */,
				76195D6A2C6AE56C00687F2D /* img01.jpg in Resources */,
				76195D462C6ADD0E00687F2D /* LaunchScreen.storyboard in Resources */,
				76195D6B2C6AE56C00687F2D /* img05.jpg in Resources */,
				76195D6E2C6AE56C00687F2D /* img07.jpg in Resources */,
				76195D432C6ADD0E00687F2D /* Assets.xcassets in Resources */,
				76195D672C6AE56C00687F2D /* img08.jpg in Resources */,
				76195D6D2C6AE56C00687F2D /* img06.jpg in Resources */,
			);
			runOnlyForDeploymentPostprocessing = 0;
		};
/* End PBXResourcesBuildPhase section */

/* Begin PBXSourcesBuildPhase section */
		76195D322C6ADD0700687F2D /* Sources */ = {
			isa = PBXSourcesBuildPhase;
			buildActionMask = 2147483647;
			files = (
				76195D3E2C6ADD0700687F2D /* ViewController.swift in Sources */,
				76195D3A2C6ADD0700687F2D /* AppDelegate.swift in Sources */,
				76195D3C2C6ADD0700687F2D /* SceneDelegate.swift in Sources */,
				76195D702C6C006E00687F2D /* DetailViewController.swift in Sources */,
			);
			runOnlyForDeploymentPostprocessing = 0;
		};
/* End PBXSourcesBuildPhase section */

/* Begin PBXVariantGroup section */
		76195D442C6ADD0E00687F2D /* LaunchScreen.storyboard */ = {
			isa = PBXVariantGroup;
			children = (
				76195D452C6ADD0E00687F2D /* Base */,
			);
			name = LaunchScreen.storyboard;
			sourceTree = "<group>";
		};
/* End PBXVariantGroup section */

/* Begin XCBuildConfiguration section */
		76195D482C6ADD0E00687F2D /* Debug */ = {
			isa = XCBuildConfiguration;
			buildSettings = {
				ALWAYS_SEARCH_USER_PATHS = NO;
				ASSETCATALOG_COMPILER_GENERATE_SWIFT_ASSET_SYMBOL_EXTENSIONS = YES;
				CLANG_ANALYZER_NONNULL = YES;
				CLANG_ANALYZER_NUMBER_OBJECT_CONVERSION = YES_AGGRESSIVE;
				CLANG_CXX_LANGUAGE_STANDARD = "gnu++20";
				CLANG_ENABLE_MODULES = YES;
				CLANG_ENABLE_OBJC_ARC = YES;
				CLANG_ENABLE_OBJC_WEAK = YES;
				CLANG_WARN_BLOCK_CAPTURE_AUTORELEASING = YES;
				CLANG_WARN_BOOL_CONVERSION = YES;
				CLANG_WARN_COMMA = YES;
				CLANG_WARN_CONSTANT_CONVERSION = YES;
				CLANG_WARN_DEPRECATED_OBJC_IMPLEMENTATIONS = YES;
				CLANG_WARN_DIRECT_OBJC_ISA_USAGE = YES_ERROR;
				CLANG_WARN_DOCUMENTATION_COMMENTS = YES;
				CLANG_WARN_EMPTY_BODY = YES;
				CLANG_WARN_ENUM_CONVERSION = YES;
				CLANG_WARN_INFINITE_RECURSION = YES;
				CLANG_WARN_INT_CONVERSION = YES;
				CLANG_WARN_NON_LITERAL_NULL_CONVERSION = YES;
				CLANG_WARN_OBJC_IMPLICIT_RETAIN_SELF = YES;
				CLANG_WARN_OBJC_LITERAL_CONVERSION = YES;
				CLANG_WARN_OBJC_ROOT_CLASS = YES_ERROR;
				CLANG_WARN_QUOTED_INCLUDE_IN_FRAMEWORK_HEADER = YES;
				CLANG_WARN_RANGE_LOOP_ANALYSIS = YES;
				CLANG_WARN_STRICT_PROTOTYPES = YES;
				CLANG_WARN_SUSPICIOUS_MOVE = YES;
				CLANG_WARN_UNGUARDED_AVAILABILITY = YES_AGGRESSIVE;
				CLANG_WARN_UNREACHABLE_CODE = YES;
				CLANG_WARN__DUPLICATE_METHOD_MATCH = YES;
				COPY_PHASE_STRIP = NO;
				DEBUG_INFORMATION_FORMAT = dwarf;
				ENABLE_STRICT_OBJC_MSGSEND = YES;
				ENABLE_TESTABILITY = YES;
				ENABLE_USER_SCRIPT_SANDBOXING = YES;
				GCC_C_LANGUAGE_STANDARD = gnu17;
				GCC_DYNAMIC_NO_PIC = NO;
				GCC_NO_COMMON_BLOCKS = YES;
				GCC_OPTIMIZATION_LEVEL = 0;
				GCC_PREPROCESSOR_DEFINITIONS = (
					"DEBUG=1",
					"$(inherited)",
				);
				GCC_WARN_64_TO_32_BIT_CONVERSION = YES;
				GCC_WARN_ABOUT_RETURN_TYPE = YES_ERROR;
				GCC_WARN_UNDECLARED_SELECTOR = YES;
				GCC_WARN_UNINITIALIZED_AUTOS = YES_AGGRESSIVE;
				GCC_WARN_UNUSED_FUNCTION = YES;
				GCC_WARN_UNUSED_VARIABLE = YES;
				IPHONEOS_DEPLOYMENT_TARGET = 17.2;
				LOCALIZATION_PREFERS_STRING_CATALOGS = YES;
				MTL_ENABLE_DEBUG_INFO = INCLUDE_SOURCE;
				MTL_FAST_MATH = YES;
				ONLY_ACTIVE_ARCH = YES;
				SDKROOT = iphoneos;
				SWIFT_ACTIVE_COMPILATION_CONDITIONS = "DEBUG $(inherited)";
				SWIFT_OPTIMIZATION_LEVEL = "-Onone";
			};
			name = Debug;
		};
		76195D492C6ADD0E00687F2D /* Release */ = {
			isa = XCBuildConfiguration;
			buildSettings = {
				ALWAYS_SEARCH_USER_PATHS = NO;
				ASSETCATALOG_COMPILER_GENERATE_SWIFT_ASSET_SYMBOL_EXTENSIONS = YES;
				CLANG_ANALYZER_NONNULL = YES;
				CLANG_ANALYZER_NUMBER_OBJECT_CONVERSION = YES_AGGRESSIVE;
				CLANG_CXX_LANGUAGE_STANDARD = "gnu++20";
				CLANG_ENABLE_MODULES = YES;
				CLANG_ENABLE_OBJC_ARC = YES;
				CLANG_ENABLE_OBJC_WEAK = YES;
				CLANG_WARN_BLOCK_CAPTURE_AUTORELEASING = YES;
				CLANG_WARN_BOOL_CONVERSION = YES;
				CLANG_WARN_COMMA = YES;
				CLANG_WARN_CONSTANT_CONVERSION = YES;
				CLANG_WARN_DEPRECATED_OBJC_IMPLEMENTATIONS = YES;
				CLANG_WARN_DIRECT_OBJC_ISA_USAGE = YES_ERROR;
				CLANG_WARN_DOCUMENTATION_COMMENTS = YES;
				CLANG_WARN_EMPTY_BODY = YES;
				CLANG_WARN_ENUM_CONVERSION = YES;
				CLANG_WARN_INFINITE_RECURSION = YES;
				CLANG_WARN_INT_CONVERSION = YES;
				CLANG_WARN_NON_LITERAL_NULL_CONVERSION = YES;
				CLANG_WARN_OBJC_IMPLICIT_RETAIN_SELF = YES;
				CLANG_WARN_OBJC_LITERAL_CONVERSION = YES;
				CLANG_WARN_OBJC_ROOT_CLASS = YES_ERROR;
				CLANG_WARN_QUOTED_INCLUDE_IN_FRAMEWORK_HEADER = YES;
				CLANG_WARN_RANGE_LOOP_ANALYSIS = YES;
				CLANG_WARN_STRICT_PROTOTYPES = YES;
				CLANG_WARN_SUSPICIOUS_MOVE = YES;
				CLANG_WARN_UNGUARDED_AVAILABILITY = YES_AGGRESSIVE;
				CLANG_WARN_UNREACHABLE_CODE = YES;
				CLANG_WARN__DUPLICATE_METHOD_MATCH = YES;
				COPY_PHASE_STRIP = NO;
				DEBUG_INFORMATION_FORMAT = "dwarf-with-dsym";
				ENABLE_NS_ASSERTIONS = NO;
				ENABLE_STRICT_OBJC_MSGSEND = YES;
				ENABLE_USER_SCRIPT_SANDBOXING = YES;
				GCC_C_LANGUAGE_STANDARD = gnu17;
				GCC_NO_COMMON_BLOCKS = YES;
				GCC_WARN_64_TO_32_BIT_CONVERSION = YES;
				GCC_WARN_ABOUT_RETURN_TYPE = YES_ERROR;
				GCC_WARN_UNDECLARED_SELECTOR = YES;
				GCC_WARN_UNINITIALIZED_AUTOS = YES_AGGRESSIVE;
				GCC_WARN_UNUSED_FUNCTION = YES;
				GCC_WARN_UNUSED_VARIABLE = YES;
				IPHONEOS_DEPLOYMENT_TARGET = 17.2;
				LOCALIZATION_PREFERS_STRING_CATALOGS = YES;
				MTL_ENABLE_DEBUG_INFO = NO;
				MTL_FAST_MATH = YES;
				SDKROOT = iphoneos;
				SWIFT_COMPILATION_MODE = wholemodule;
				VALIDATE_PRODUCT = YES;
			};
			name = Release;
		};
		76195D4B2C6ADD0E00687F2D /* Debug */ = {
			isa = XCBuildConfiguration;
			buildSettings = {
				ASSETCATALOG_COMPILER_APPICON_NAME = AppIcon;
				ASSETCATALOG_COMPILER_GLOBAL_ACCENT_COLOR_NAME = AccentColor;
				CODE_SIGN_STYLE = Automatic;
				CURRENT_PROJECT_VERSION = 1;
				DEVELOPMENT_TEAM = T7FAAY3JV4;
				GENERATE_INFOPLIST_FILE = YES;
				INFOPLIST_FILE = StormViewer/Info.plist;
				INFOPLIST_KEY_UIApplicationSupportsIndirectInputEvents = YES;
				INFOPLIST_KEY_UILaunchStoryboardName = LaunchScreen;
				INFOPLIST_KEY_UISupportedInterfaceOrientations = UIInterfaceOrientationPortrait;
				INFOPLIST_KEY_UISupportedInterfaceOrientations_iPad = "UIInterfaceOrientationLandscapeLeft UIInterfaceOrientationLandscapeRight UIInterfaceOrientationPortrait UIInterfaceOrientationPortraitUpsideDown";
				IPHONEOS_DEPLOYMENT_TARGET = 17.0;
				LD_RUNPATH_SEARCH_PATHS = (
					"$(inherited)",
					"@executable_path/Frameworks",
				);
				MARKETING_VERSION = 1.0;
				PRODUCT_BUNDLE_IDENTIFIER = MatheusFranceschini.StormViewer;
				PRODUCT_NAME = "$(TARGET_NAME)";
				SUPPORTED_PLATFORMS = "iphoneos iphonesimulator";
				SUPPORTS_MACCATALYST = NO;
				SUPPORTS_MAC_DESIGNED_FOR_IPHONE_IPAD = NO;
				SUPPORTS_XR_DESIGNED_FOR_IPHONE_IPAD = NO;
				SWIFT_EMIT_LOC_STRINGS = YES;
				SWIFT_VERSION = 5.0;
				TARGETED_DEVICE_FAMILY = 1;
			};
			name = Debug;
		};
		76195D4C2C6ADD0E00687F2D /* Release */ = {
			isa = XCBuildConfiguration;
			buildSettings = {
				ASSETCATALOG_COMPILER_APPICON_NAME = AppIcon;
				ASSETCATALOG_COMPILER_GLOBAL_ACCENT_COLOR_NAME = AccentColor;
				CODE_SIGN_STYLE = Automatic;
				CURRENT_PROJECT_VERSION = 1;
				DEVELOPMENT_TEAM = T7FAAY3JV4;
				GENERATE_INFOPLIST_FILE = YES;
				INFOPLIST_FILE = StormViewer/Info.plist;
				INFOPLIST_KEY_UIApplicationSupportsIndirectInputEvents = YES;
				INFOPLIST_KEY_UILaunchStoryboardName = LaunchScreen;
				INFOPLIST_KEY_UISupportedInterfaceOrientations = UIInterfaceOrientationPortrait;
				INFOPLIST_KEY_UISupportedInterfaceOrientations_iPad = "UIInterfaceOrientationLandscapeLeft UIInterfaceOrientationLandscapeRight UIInterfaceOrientationPortrait UIInterfaceOrientationPortraitUpsideDown";
				IPHONEOS_DEPLOYMENT_TARGET = 17.0;
				LD_RUNPATH_SEARCH_PATHS = (
					"$(inherited)",
					"@executable_path/Frameworks",
				);
				MARKETING_VERSION = 1.0;
				PRODUCT_BUNDLE_IDENTIFIER = MatheusFranceschini.StormViewer;
				PRODUCT_NAME = "$(TARGET_NAME)";
				SUPPORTED_PLATFORMS = "iphoneos iphonesimulator";
				SUPPORTS_MACCATALYST = NO;
				SUPPORTS_MAC_DESIGNED_FOR_IPHONE_IPAD = NO;
				SUPPORTS_XR_DESIGNED_FOR_IPHONE_IPAD = NO;
				SWIFT_EMIT_LOC_STRINGS = YES;
				SWIFT_VERSION = 5.0;
				TARGETED_DEVICE_FAMILY = 1;
			};
			name = Release;
		};
/* End XCBuildConfiguration section */

/* Begin XCConfigurationList section */
		76195D312C6ADD0700687F2D /* Build configuration list for PBXProject "StormViewer" */ = {
			isa = XCConfigurationList;
			buildConfigurations = (
				76195D482C6ADD0E00687F2D /* Debug */,
				76195D492C6ADD0E00687F2D /* Release */,
			);
			defaultConfigurationIsVisible = 0;
			defaultConfigurationName = Release;
		};
		76195D4A2C6ADD0E00687F2D /* Build configuration list for PBXNativeTarget "StormViewer" */ = {
			isa = XCConfigurationList;
			buildConfigurations = (
				76195D4B2C6ADD0E00687F2D /* Debug */,
				76195D4C2C6ADD0E00687F2D /* Release */,
			);
			defaultConfigurationIsVisible = 0;
			defaultConfigurationName = Release;
		};
/* End XCConfigurationList section */
	};
	rootObject = 76195D2E2C6ADD0700687F2D /* Project object */;
}
